
Microsoft Visual Studio Solution File, Format Version 12.00
# Visual Studio Version 17
VisualStudioVersion = 17.3.32811.315
MinimumVisualStudioVersion = 10.0.40219.1
Project("{FAE04EC0-301F-11D3-BF4B-00C04F79EFBC}") = "HW2", "HW2\HW2.csproj", "{2519BD24-9BB3-4C59-B83C-BDF05C50B57E}"
EndProject
Global
	GlobalSection(SolutionConfigurationPlatforms) = preSolution
		Debug|Any CPU = Debug|Any CPU
		Debug|x86 = Debug|x86
		Release|Any CPU = Release|Any CPU
		Release|x86 = Release|x86
	EndGlobalSection
	GlobalSection(ProjectConfigurationPlatforms) = postSolution
		{2519BD24-9BB3-4C59-B83C-BDF05C50B57E}.Debug|Any CPU.ActiveCfg = Debug|Any CPU
		{2519BD24-9BB3-4C59-B83C-BDF05C50B57E}.Debug|Any CPU.Build.0 = Debug|Any CPU
		{2519BD24-9BB3-4C59-B83C-BDF05C50B57E}.Debug|x86.ActiveCfg = Debug|x86
		{2519BD24-9BB3-4C59-B83C-BDF05C50B57E}.Debug|x86.Build.0 = Debug|x86
		{2519BD24-9BB3-4C59-B83C-BDF05C50B57E}.Release|Any CPU.ActiveCfg = Release|Any CPU
		{2519BD24-9BB3-4C59-B83C-BDF05C50B57E}.Release|Any CPU.Build.0 = Release|Any CPU
		{2519BD24-9BB3-4C59-B83C-BDF05C50B57E}.Release|x86.ActiveCfg = Release|x86
		{2519BD24-9BB3-4C59-B83C-BDF05C50B57E}.Release|x86.Build.0 = Release|x86
	EndGlobalSection
	GlobalSection(SolutionProperties) = preSolution
		HideSolutionNode = FALSE
	EndGlobalSection
	GlobalSection(ExtensibilityGlobals) = postSolution
		SolutionGuid = {8304CCE5-03FC-4AB9-BD1E-83E8447E5EAD}
	EndGlobalSection
EndGlobal
